// !$*UTF8*$!
{
	archiveVersion = 1;
	classes = {
	};
	objectVersion = 46;
	objects = {

/* Begin PBXBuildFile section */
		8EBBEB901E6FA813009E2CF4 /* AppDelegate.swift in Sources */ = {isa = PBXBuildFile; fileRef = 8EBBEB8F1E6FA813009E2CF4 /* AppDelegate.swift */; };
		8EBBEB921E6FA813009E2CF4 /* ViewController.swift in Sources */ = {isa = PBXBuildFile; fileRef = 8EBBEB911E6FA813009E2CF4 /* ViewController.swift */; };
		8EBBEB951E6FA813009E2CF4 /* Main.storyboard in Resources */ = {isa = PBXBuildFile; fileRef = 8EBBEB931E6FA813009E2CF4 /* Main.storyboard */; };
		8EBBEB971E6FA813009E2CF4 /* Assets.xcassets in Resources */ = {isa = PBXBuildFile; fileRef = 8EBBEB961E6FA813009E2CF4 /* Assets.xcassets */; };
		8EBBEB9A1E6FA813009E2CF4 /* LaunchScreen.storyboard in Resources */ = {isa = PBXBuildFile; fileRef = 8EBBEB981E6FA813009E2CF4 /* LaunchScreen.storyboard */; };
		8EBBEBA51E6FA813009E2CF4 /* calculatorTests.swift in Sources */ = {isa = PBXBuildFile; fileRef = 8EBBEBA41E6FA813009E2CF4 /* calculatorTests.swift */; };
		8EBBEBB01E6FA813009E2CF4 /* calculatorUITests.swift in Sources */ = {isa = PBXBuildFile; fileRef = 8EBBEBAF1E6FA813009E2CF4 /* calculatorUITests.swift */; };
/* End PBXBuildFile section */

/* Begin PBXContainerItemProxy section */
		8EBBEBA11E6FA813009E2CF4 /* PBXContainerItemProxy */ = {
			isa = PBXContainerItemProxy;
			containerPortal = 8EBBEB841E6FA812009E2CF4 /* Project object */;
			proxyType = 1;
			remoteGlobalIDString = 8EBBEB8B1E6FA812009E2CF4;
			remoteInfo = calculator;
		};
		8EBBEBAC1E6FA813009E2CF4 /* PBXContainerItemProxy */ = {
			isa = PBXContainerItemProxy;
			containerPortal = 8EBBEB841E6FA812009E2CF4 /* Project object */;
			proxyType = 1;
			remoteGlobalIDString = 8EBBEB8B1E6FA812009E2CF4;
			remoteInfo = calculator;
		};
/* End PBXContainerItemProxy section */

/* Begin PBXFileReference section */
		8EBBEB8C1E6FA813009E2CF4 /* calculator.app */ = {isa = PBXFileReference; explicitFileType = wrapper.application; includeInIndex = 0; path = calculator.app; sourceTree = BUILT_PRODUCTS_DIR; };
		8EBBEB8F1E6FA813009E2CF4 /* AppDelegate.swift */ = {isa = PBXFileReference; lastKnownFileType = sourcecode.swift; path = AppDelegate.swift; sourceTree = "<group>"; };
		8EBBEB911E6FA813009E2CF4 /* ViewController.swift */ = {isa = PBXFileReference; lastKnownFileType = sourcecode.swift; path = ViewController.swift; sourceTree = "<group>"; };
		8EBBEB941E6FA813009E2CF4 /* Base */ = {isa = PBXFileReference; lastKnownFileType = file.storyboard; name = Base; path = Base.lproj/Main.storyboard; sourceTree = "<group>"; };
		8EBBEB961E6FA813009E2CF4 /* Assets.xcassets */ = {isa = PBXFileReference; lastKnownFileType = folder.assetcatalog; path = Assets.xcassets; sourceTree = "<group>"; };
		8EBBEB991E6FA813009E2CF4 /* Base */ = {isa = PBXFileReference; lastKnownFileType = file.storyboard; name = Base; path = Base.lproj/LaunchScreen.storyboard; sourceTree = "<group>"; };
		8EBBEB9B1E6FA813009E2CF4 /* Info.plist */ = {isa = PBXFileReference; lastKnownFileType = text.plist.xml; path = Info.plist; sourceTree = "<group>"; };
		8EBBEBA01E6FA813009E2CF4 /* calculatorTests.xctest */ = {isa = PBXFileReference; explicitFileType = wrapper.cfbundle; includeInIndex = 0; path = calculatorTests.xctest; sourceTree = BUILT_PRODUCTS_DIR; };
		8EBBEBA41E6FA813009E2CF4 /* calculatorTests.swift */ = {isa = PBXFileReference; lastKnownFileType = sourcecode.swift; path = calculatorTests.swift; sourceTree = "<group>"; };
		8EBBEBA61E6FA813009E2CF4 /* Info.plist */ = {isa = PBXFileReference; lastKnownFileType = text.plist.xml; path = Info.plist; sourceTree = "<group>"; };
		8EBBEBAB1E6FA813009E2CF4 /* calculatorUITests.xctest */ = {isa = PBXFileReference; explicitFileType = wrapper.cfbundle; includeInIndex = 0; path = calculatorUITests.xctest; sourceTree = BUILT_PRODUCTS_DIR; };
		8EBBEBAF1E6FA813009E2CF4 /* calculatorUITests.swift */ = {isa = PBXFileReference; lastKnownFileType = sourcecode.swift; path = calculatorUITests.swift; sourceTree = "<group>"; };
		8EBBEBB11E6FA813009E2CF4 /* Info.plist */ = {isa = PBXFileReference; lastKnownFileType = text.plist.xml; path = Info.plist; sourceTree = "<group>"; };
/* End PBXFileReference section */

/* Begin PBXFrameworksBuildPhase section */
		8EBBEB891E6FA812009E2CF4 /* Frameworks */ = {
			isa = PBXFrameworksBuildPhase;
			buildActionMask = 2147483647;
			files = (
			);
			runOnlyForDeploymentPostprocessing = 0;
		};
		8EBBEB9D1E6FA813009E2CF4 /* Frameworks */ = {
			isa = PBXFrameworksBuildPhase;
			buildActionMask = 2147483647;
			files = (
			);
			runOnlyForDeploymentPostprocessing = 0;
		};
		8EBBEBA81E6FA813009E2CF4 /* Frameworks */ = {
			isa = PBXFrameworksBuildPhase;
			buildActionMask = 2147483647;
			files = (
			);
			runOnlyForDeploymentPostprocessing = 0;
		};
/* End PBXFrameworksBuildPhase section */

/* Begin PBXGroup section */
		8EBBEB831E6FA812009E2CF4 = {
			isa = PBXGroup;
			children = (
				8EBBEB8E1E6FA813009E2CF4 /* calculator */,
				8EBBEBA31E6FA813009E2CF4 /* calculatorTests */,
				8EBBEBAE1E6FA813009E2CF4 /* calculatorUITests */,
				8EBBEB8D1E6FA813009E2CF4 /* Products */,
			);
			sourceTree = "<group>";
		};
		8EBBEB8D1E6FA813009E2CF4 /* Products */ = {
			isa = PBXGroup;
			children = (
				8EBBEB8C1E6FA813009E2CF4 /* calculator.app */,
				8EBBEBA01E6FA813009E2CF4 /* calculatorTests.xctest */,
				8EBBEBAB1E6FA813009E2CF4 /* calculatorUITests.xctest */,
			);
			name = Products;
			sourceTree = "<group>";
		};
		8EBBEB8E1E6FA813009E2CF4 /* calculator */ = {
			isa = PBXGroup;
			children = (
				8EBBEB8F1E6FA813009E2CF4 /* AppDelegate.swift */,
				8EBBEB911E6FA813009E2CF4 /* ViewController.swift */,
				8EBBEB931E6FA813009E2CF4 /* Main.storyboard */,
				8EBBEB961E6FA813009E2CF4 /* Assets.xcassets */,
				8EBBEB981E6FA813009E2CF4 /* LaunchScreen.storyboard */,
				8EBBEB9B1E6FA813009E2CF4 /* Info.plist */,
			);
			path = calculator;
			sourceTree = "<group>";
		};
		8EBBEBA31E6FA813009E2CF4 /* calculatorTests */ = {
			isa = PBXGroup;
			children = (
				8EBBEBA41E6FA813009E2CF4 /* calculatorTests.swift */,
				8EBBEBA61E6FA813009E2CF4 /* Info.plist */,
			);
			path = calculatorTests;
			sourceTree = "<group>";
		};
		8EBBEBAE1E6FA813009E2CF4 /* calculatorUITests */ = {
			isa = PBXGroup;
			children = (
				8EBBEBAF1E6FA813009E2CF4 /* calculatorUITests.swift */,
				8EBBEBB11E6FA813009E2CF4 /* Info.plist */,
			);
			path = calculatorUITests;
			sourceTree = "<group>";
		};
/* End PBXGroup section */

/* Begin PBXNativeTarget section */
		8EBBEB8B1E6FA812009E2CF4 /* calculator */ = {
			isa = PBXNativeTarget;
			buildConfigurationList = 8EBBEBB41E6FA813009E2CF4 /* Build configuration list for PBXNativeTarget "calculator" */;
			buildPhases = (
				8EBBEB881E6FA812009E2CF4 /* Sources */,
				8EBBEB891E6FA812009E2CF4 /* Frameworks */,
				8EBBEB8A1E6FA812009E2CF4 /* Resources */,
			);
			buildRules = (
			);
			dependencies = (
			);
			name = calculator;
			productName = calculator;
			productReference = 8EBBEB8C1E6FA813009E2CF4 /* calculator.app */;
			productType = "com.apple.product-type.application";
		};
		8EBBEB9F1E6FA813009E2CF4 /* calculatorTests */ = {
			isa = PBXNativeTarget;
			buildConfigurationList = 8EBBEBB71E6FA813009E2CF4 /* Build configuration list for PBXNativeTarget "calculatorTests" */;
			buildPhases = (
				8EBBEB9C1E6FA813009E2CF4 /* Sources */,
				8EBBEB9D1E6FA813009E2CF4 /* Frameworks */,
				8EBBEB9E1E6FA813009E2CF4 /* Resources */,
			);
			buildRules = (
			);
			dependencies = (
				8EBBEBA21E6FA813009E2CF4 /* PBXTargetDependency */,
			);
			name = calculatorTests;
			productName = calculatorTests;
			productReference = 8EBBEBA01E6FA813009E2CF4 /* calculatorTests.xctest */;
			productType = "com.apple.product-type.bundle.unit-test";
		};
		8EBBEBAA1E6FA813009E2CF4 /* calculatorUITests */ = {
			isa = PBXNativeTarget;
			buildConfigurationList = 8EBBEBBA1E6FA813009E2CF4 /* Build configuration list for PBXNativeTarget "calculatorUITests" */;
			buildPhases = (
				8EBBEBA71E6FA813009E2CF4 /* Sources */,
				8EBBEBA81E6FA813009E2CF4 /* Frameworks */,
				8EBBEBA91E6FA813009E2CF4 /* Resources */,
			);
			buildRules = (
			);
			dependencies = (
				8EBBEBAD1E6FA813009E2CF4 /* PBXTargetDependency */,
			);
			name = calculatorUITests;
			productName = calculatorUITests;
			productReference = 8EBBEBAB1E6FA813009E2CF4 /* calculatorUITests.xctest */;
			productType = "com.apple.product-type.bundle.ui-testing";
		};
/* End PBXNativeTarget section */

/* Begin PBXProject section */
		8EBBEB841E6FA812009E2CF4 /* Project object */ = {
			isa = PBXProject;
			attributes = {
				LastSwiftUpdateCheck = 0820;
				LastUpgradeCheck = 0820;
				ORGANIZATIONNAME = s20151104708;
				TargetAttributes = {
					8EBBEB8B1E6FA812009E2CF4 = {
						CreatedOnToolsVersion = 8.2.1;
						ProvisioningStyle = Automatic;
					};
					8EBBEB9F1E6FA813009E2CF4 = {
						CreatedOnToolsVersion = 8.2.1;
						ProvisioningStyle = Automatic;
						TestTargetID = 8EBBEB8B1E6FA812009E2CF4;
					};
					8EBBEBAA1E6FA813009E2CF4 = {
						CreatedOnToolsVersion = 8.2.1;
						ProvisioningStyle = Automatic;
						TestTargetID = 8EBBEB8B1E6FA812009E2CF4;
					};
				};
			};
			buildConfigurationList = 8EBBEB871E6FA812009E2CF4 /* Build configuration list for PBXProject "calculator" */;
			compatibilityVersion = "Xcode 3.2";
			developmentRegion = English;
			hasScannedForEncodings = 0;
			knownRegions = (
				en,
				Base,
			);
			mainGroup = 8EBBEB831E6FA812009E2CF4;
			productRefGroup = 8EBBEB8D1E6FA813009E2CF4 /* Products */;
			projectDirPath = "";
			projectRoot = "";
			targets = (
				8EBBEB8B1E6FA812009E2CF4 /* calculator */,
				8EBBEB9F1E6FA813009E2CF4 /* calculatorTests */,
				8EBBEBAA1E6FA813009E2CF4 /* calculatorUITests */,
			);
		};
/* End PBXProject section */

/* Begin PBXResourcesBuildPhase section */
		8EBBEB8A1E6FA812009E2CF4 /* Resources */ = {
			isa = PBXResourcesBuildPhase;
			buildActionMask = 2147483647;
			files = (
				8EBBEB9A1E6FA813009E2CF4 /* LaunchScreen.storyboard in Resources */,
				8EBBEB971E6FA813009E2CF4 /* Assets.xcassets in Resources */,
				8EBBEB951E6FA813009E2CF4 /* Main.storyboard in Resources */,
			);
			runOnlyForDeploymentPostprocessing = 0;
		};
		8EBBEB9E1E6FA813009E2CF4 /* Resources */ = {
			isa = PBXResourcesBuildPhase;
			buildActionMask = 2147483647;
			files = (
			);
			runOnlyForDeploymentPostprocessing = 0;
		};
		8EBBEBA91E6FA813009E2CF4 /* Resources */ = {
			isa = PBXResourcesBuildPhase;
			buildActionMask = 2147483647;
			files = (
			);
			runOnlyForDeploymentPostprocessing = 0;
		};
/* End PBXResourcesBuildPhase section */

/* Begin PBXSourcesBuildPhase section */
		8EBBEB881E6FA812009E2CF4 /* Sources */ = {
			isa = PBXSourcesBuildPhase;
			buildActionMask = 2147483647;
			files = (
				8EBBEB921E6FA813009E2CF4 /* ViewController.swift in Sources */,
				8EBBEB901E6FA813009E2CF4 /* AppDelegate.swift in Sources */,
			);
			runOnlyForDeploymentPostprocessing = 0;
		};
		8EBBEB9C1E6FA813009E2CF4 /* Sources */ = {
			isa = PBXSourcesBuildPhase;
			buildActionMask = 2147483647;
			files = (
				8EBBEBA51E6FA813009E2CF4 /* calculatorTests.swift in Sources */,
			);
			runOnlyForDeploymentPostprocessing = 0;
		};
		8EBBEBA71E6FA813009E2CF4 /* Sources */ = {
			isa = PBXSourcesBuildPhase;
			buildActionMask = 2147483647;
			files = (
				8EBBEBB01E6FA813009E2CF4 /* calculatorUITests.swift in Sources */,
			);
			runOnlyForDeploymentPostprocessing = 0;
		};
/* End PBXSourcesBuildPhase section */

/* Begin PBXTargetDependency section */
		8EBBEBA21E6FA813009E2CF4 /* PBXTargetDependency */ = {
			isa = PBXTargetDependency;
			target = 8EBBEB8B1E6FA812009E2CF4 /* calculator */;
			targetProxy = 8EBBEBA11E6FA813009E2CF4 /* PBXContainerItemProxy */;
		};
		8EBBEBAD1E6FA813009E2CF4 /* PBXTargetDependency */ = {
			isa = PBXTargetDependency;
			target = 8EBBEB8B1E6FA812009E2CF4 /* calculator */;
			targetProxy = 8EBBEBAC1E6FA813009E2CF4 /* PBXContainerItemProxy */;
		};
/* End PBXTargetDependency section */

/* Begin PBXVariantGroup section */
		8EBBEB931E6FA813009E2CF4 /* Main.storyboard */ = {
			isa = PBXVariantGroup;
			children = (
				8EBBEB941E6FA813009E2CF4 /* Base */,
			);
			name = Main.storyboard;
			sourceTree = "<group>";
		};
		8EBBEB981E6FA813009E2CF4 /* LaunchScreen.storyboard */ = {
			isa = PBXVariantGroup;
			children = (
				8EBBEB991E6FA813009E2CF4 /* Base */,
			);
			name = LaunchScreen.storyboard;
			sourceTree = "<group>";
		};
/* End PBXVariantGroup section */

/* Begin XCBuildConfiguration section */
		8EBBEBB21E6FA813009E2CF4 /* Debug */ = {
			isa = XCBuildConfiguration;
			buildSettings = {
				ALWAYS_SEARCH_USER_PATHS = NO;
				CLANG_ANALYZER_NONNULL = YES;
				CLANG_CXX_LANGUAGE_STANDARD = "gnu++0x";
				CLANG_CXX_LIBRARY = "libc++";
				CLANG_ENABLE_MODULES = YES;
				CLANG_ENABLE_OBJC_ARC = YES;
				CLANG_WARN_BOOL_CONVERSION = YES;
				CLANG_WARN_CONSTANT_CONVERSION = YES;
				CLANG_WARN_DIRECT_OBJC_ISA_USAGE = YES_ERROR;
				CLANG_WARN_DOCUMENTATION_COMMENTS = YES;
				CLANG_WARN_EMPTY_BODY = YES;
				CLANG_WARN_ENUM_CONVERSION = YES;
				CLANG_WARN_INFINITE_RECURSION = YES;
				CLANG_WARN_INT_CONVERSION = YES;
				CLANG_WARN_OBJC_ROOT_CLASS = YES_ERROR;
				CLANG_WARN_SUSPICIOUS_MOVE = YES;
				CLANG_WARN_UNREACHABLE_CODE = YES;
				CLANG_WARN__DUPLICATE_METHOD_MATCH = YES;
				"CODE_SIGN_IDENTITY[sdk=iphoneos*]" = "iPhone Developer";
				COPY_PHASE_STRIP = NO;
				DEBUG_INFORMATION_FORMAT = dwarf;
				ENABLE_STRICT_OBJC_MSGSEND = YES;
				ENABLE_TESTABILITY = YES;
				GCC_C_LANGUAGE_STANDARD = gnu99;
				GCC_DYNAMIC_NO_PIC = NO;
				GCC_NO_COMMON_BLOCKS = YES;
				GCC_OPTIMIZATION_LEVEL = 0;
				GCC_PREPROCESSOR_DEFINITIONS = (
					"DEBUG=1",
					"$(inherited)",
				);
				GCC_WARN_64_TO_32_BIT_CONVERSION = YES;
				GCC_WARN_ABOUT_RETURN_TYPE = YES_ERROR;
				GCC_WARN_UNDECLARED_SELECTOR = YES;
				GCC_WARN_UNINITIALIZED_AUTOS = YES_AGGRESSIVE;
				GCC_WARN_UNUSED_FUNCTION = YES;
				GCC_WARN_UNUSED_VARIABLE = YES;
				IPHONEOS_DEPLOYMENT_TARGET = 10.2;
				MTL_ENABLE_DEBUG_INFO = YES;
				ONLY_ACTIVE_ARCH = YES;
				SDKROOT = iphoneos;
				SWIFT_ACTIVE_COMPILATION_CONDITIONS = DEBUG;
				SWIFT_OPTIMIZATION_LEVEL = "-Onone";
				TARGETED_DEVICE_FAMILY = "1,2";
			};
			name = Debug;
		};
		8EBBEBB31E6FA813009E2CF4 /* Release */ = {
			isa = XCBuildConfiguration;
			buildSettings = {
				ALWAYS_SEARCH_USER_PATHS = NO;
				CLANG_ANALYZER_NONNULL = YES;
				CLANG_CXX_LANGUAGE_STANDARD = "gnu++0x";
				CLANG_CXX_LIBRARY = "libc++";
				CLANG_ENABLE_MODULES = YES;
				CLANG_ENABLE_OBJC_ARC = YES;
				CLANG_WARN_BOOL_CONVERSION = YES;
				CLANG_WARN_CONSTANT_CONVERSION = YES;
				CLANG_WARN_DIRECT_OBJC_ISA_USAGE = YES_ERROR;
				CLANG_WARN_DOCUMENTATION_COMMENTS = YES;
				CLANG_WARN_EMPTY_BODY = YES;
				CLANG_WARN_ENUM_CONVERSION = YES;
				CLANG_WARN_INFINITE_RECURSION = YES;
				CLANG_WARN_INT_CONVERSION = YES;
				CLANG_WARN_OBJC_ROOT_CLASS = YES_ERROR;
				CLANG_WARN_SUSPICIOUS_MOVE = YES;
				CLANG_WARN_UNREACHABLE_CODE = YES;
				CLANG_WARN__DUPLICATE_METHOD_MATCH = YES;
				"CODE_SIGN_IDENTITY[sdk=iphoneos*]" = "iPhone Developer";
				COPY_PHASE_STRIP = NO;
				DEBUG_INFORMATION_FORMAT = "dwarf-with-dsym";
				ENABLE_NS_ASSERTIONS = NO;
				ENABLE_STRICT_OBJC_MSGSEND = YES;
				GCC_C_LANGUAGE_STANDARD = gnu99;
				GCC_NO_COMMON_BLOCKS = YES;
				GCC_WARN_64_TO_32_BIT_CONVERSION = YES;
				GCC_WARN_ABOUT_RETURN_TYPE = YES_ERROR;
				GCC_WARN_UNDECLARED_SELECTOR = YES;
				GCC_WARN_UNINITIALIZED_AUTOS = YES_AGGRESSIVE;
				GCC_WARN_UNUSED_FUNCTION = YES;
				GCC_WARN_UNUSED_VARIABLE = YES;
				IPHONEOS_DEPLOYMENT_TARGET = 10.2;
				MTL_ENABLE_DEBUG_INFO = NO;
				SDKROOT = iphoneos;
				SWIFT_OPTIMIZATION_LEVEL = "-Owholemodule";
				TARGETED_DEVICE_FAMILY = "1,2";
				VALIDATE_PRODUCT = YES;
			};
			name = Release;
		};
		8EBBEBB51E6FA813009E2CF4 /* Debug */ = {
			isa = XCBuildConfiguration;
			buildSettings = {
				ASSETCATALOG_COMPILER_APPICON_NAME = AppIcon;
				INFOPLIST_FILE = calculator/Info.plist;
				LD_RUNPATH_SEARCH_PATHS = "$(inherited) @executable_path/Frameworks";
				PRODUCT_BUNDLE_IDENTIFIER = cn.edu.imnu.calculator;
				PRODUCT_NAME = "$(TARGET_NAME)";
				SWIFT_VERSION = 3.0;
			};
			name = Debug;
		};
		8EBBEBB61E6FA813009E2CF4 /* Release */ = {
			isa = XCBuildConfiguration;
			buildSettings = {
				ASSETCATALOG_COMPILER_APPICON_NAME = AppIcon;
				INFOPLIST_FILE = calculator/Info.plist;
				LD_RUNPATH_SEARCH_PATHS = "$(inherited) @executable_path/Frameworks";
				PRODUCT_BUNDLE_IDENTIFIER = cn.edu.imnu.calculator;
				PRODUCT_NAME = "$(TARGET_NAME)";
				SWIFT_VERSION = 3.0;
			};
			name = Release;
		};
		8EBBEBB81E6FA813009E2CF4 /* Debug */ = {
			isa = XCBuildConfiguration;
			buildSettings = {
				ALWAYS_EMBED_SWIFT_STANDARD_LIBRARIES = YES;
				BUNDLE_LOADER = "$(TEST_HOST)";
				INFOPLIST_FILE = calculatorTests/Info.plist;
				LD_RUNPATH_SEARCH_PATHS = "$(inherited) @executable_path/Frameworks @loader_path/Frameworks";
				PRODUCT_BUNDLE_IDENTIFIER = cn.edu.imnu.calculatorTests;
				PRODUCT_NAME = "$(TARGET_NAME)";
				SWIFT_VERSION = 3.0;
				TEST_HOST = "$(BUILT_PRODUCTS_DIR)/calculator.app/calculator";
			};
			name = Debug;
		};
		8EBBEBB91E6FA813009E2CF4 /* Release */ = {
			isa = XCBuildConfiguration;
			buildSettings = {
				ALWAYS_EMBED_SWIFT_STANDARD_LIBRARIES = YES;
				BUNDLE_LOADER = "$(TEST_HOST)";
				INFOPLIST_FILE = calculatorTests/Info.plist;
				LD_RUNPATH_SEARCH_PATHS = "$(inherited) @executable_path/Frameworks @loader_path/Frameworks";
				PRODUCT_BUNDLE_IDENTIFIER = cn.edu.imnu.calculatorTests;
				PRODUCT_NAME = "$(TARGET_NAME)";
				SWIFT_VERSION = 3.0;
				TEST_HOST = "$(BUILT_PRODUCTS_DIR)/calculator.app/calculator";
			};
			name = Release;
		};
		8EBBEBBB1E6FA813009E2CF4 /* Debug */ = {
			isa = XCBuildConfiguration;
			buildSettings = {
				ALWAYS_EMBED_SWIFT_STANDARD_LIBRARIES = YES;
				INFOPLIST_FILE = calculatorUITests/Info.plist;
				LD_RUNPATH_SEARCH_PATHS = "$(inherited) @executable_path/Frameworks @loader_path/Frameworks";
				PRODUCT_BUNDLE_IDENTIFIER = cn.edu.imnu.calculatorUITests;
				PRODUCT_NAME = "$(TARGET_NAME)";
				SWIFT_VERSION = 3.0;
				TEST_TARGET_NAME = calculator;
			};
			name = Debug;
		};
		8EBBEBBC1E6FA813009E2CF4 /* Release */ = {
			isa = XCBuildConfiguration;
			buildSettings = {
				ALWAYS_EMBED_SWIFT_STANDARD_LIBRARIES = YES;
				INFOPLIST_FILE = calculatorUITests/Info.plist;
				LD_RUNPATH_SEARCH_PATHS = "$(inherited) @executable_path/Frameworks @loader_path/Frameworks";
				PRODUCT_BUNDLE_IDENTIFIER = cn.edu.imnu.calculatorUITests;
				PRODUCT_NAME = "$(TARGET_NAME)";
				SWIFT_VERSION = 3.0;
				TEST_TARGET_NAME = calculator;
			};
			name = Release;
		};
/* End XCBuildConfiguration section */

/* Begin XCConfigurationList section */
		8EBBEB871E6FA812009E2CF4 /* Build configuration list for PBXProject "calculator" */ = {
			isa = XCConfigurationList;
			buildConfigurations = (
				8EBBEBB21E6FA813009E2CF4 /* Debug */,
				8EBBEBB31E6FA813009E2CF4 /* Release */,
			);
			defaultConfigurationIsVisible = 0;
			defaultConfigurationName = Release;
		};
		8EBBEBB41E6FA813009E2CF4 /* Build configuration list for PBXNativeTarget "calculator" */ = {
			isa = XCConfigurationList;
			buildConfigurations = (
				8EBBEBB51E6FA813009E2CF4 /* Debug */,
				8EBBEBB61E6FA813009E2CF4 /* Release */,
			);
			defaultConfigurationIsVisible = 0;
		};
		8EBBEBB71E6FA813009E2CF4 /* Build configuration list for PBXNativeTarget "calculatorTests" */ = {
			isa = XCConfigurationList;
			buildConfigurations = (
				8EBBEBB81E6FA813009E2CF4 /* Debug */,
				8EBBEBB91E6FA813009E2CF4 /* Release */,
			);
			defaultConfigurationIsVisible = 0;
		};
		8EBBEBBA1E6FA813009E2CF4 /* Build configuration list for PBXNativeTarget "calculatorUITests" */ = {
			isa = XCConfigurationList;
			buildConfigurations = (
				8EBBEBBB1E6FA813009E2CF4 /* Debug */,
				8EBBEBBC1E6FA813009E2CF4 /* Release */,
			);
			defaultConfigurationIsVisible = 0;
		};
/* End XCConfigurationList section */
	};
	rootObject = 8EBBEB841E6FA812009E2CF4 /* Project object */;
}
